
Microsoft Visual Studio Solution File, Format Version 12.00
# Visual Studio Version 16
VisualStudioVersion = 16.0.28803.202
MinimumVisualStudioVersion = 10.0.40219.1
Project("{FAE04EC0-301F-11D3-BF4B-00C04F79EFBC}") = "ProjectEye", "ProjectEye.csproj", "{4BE792D4-A87E-439A-90C4-8D2F29BD8625}"
EndProject
Project("{FAE04EC0-301F-11D3-BF4B-00C04F79EFBC}") = "Project1.UI", "..\Project1.UI\Project1.UI.csproj", "{B441CE6C-D252-4683-9F39-211F17794F56}"
EndProject
Project("{FAE04EC0-301F-11D3-BF4B-00C04F79EFBC}") = "ProjectEyeUp", "..\ProjectEyeUp\ProjectEyeUp.csproj", "{F0AAEC1A-A4FF-477B-9D3A-3DDC27FBD36F}"
EndProject
Global
	GlobalSection(SolutionConfigurationPlatforms) = preSolution
		Debug|Any CPU = Debug|Any CPU
		Release|Any CPU = Release|Any CPU
	EndGlobalSection
	GlobalSection(ProjectConfigurationPlatforms) = postSolution
		{4BE792D4-A87E-439A-90C4-8D2F29BD8625}.Debug|Any CPU.ActiveCfg = Debug|Any CPU
		{4BE792D4-A87E-439A-90C4-8D2F29BD8625}.Debug|Any CPU.Build.0 = Debug|Any CPU
		{4BE792D4-A87E-439A-90C4-8D2F29BD8625}.Release|Any CPU.ActiveCfg = Release|Any CPU
		{4BE792D4-A87E-439A-90C4-8D2F29BD8625}.Release|Any CPU.Build.0 = Release|Any CPU
		{B441CE6C-D252-4683-9F39-211F17794F56}.Debug|Any CPU.ActiveCfg = Debug|Any CPU
		{B441CE6C-D252-4683-9F39-211F17794F56}.Debug|Any CPU.Build.0 = Debug|Any CPU
		{B441CE6C-D252-4683-9F39-211F17794F56}.Release|Any CPU.ActiveCfg = Release|Any CPU
		{B441CE6C-D252-4683-9F39-211F17794F56}.Release|Any CPU.Build.0 = Release|Any CPU
		{F0AAEC1A-A4FF-477B-9D3A-3DDC27FBD36F}.Debug|Any CPU.ActiveCfg = Debug|Any CPU
		{F0AAEC1A-A4FF-477B-9D3A-3DDC27FBD36F}.Debug|Any CPU.Build.0 = Debug|Any CPU
		{F0AAEC1A-A4FF-477B-9D3A-3DDC27FBD36F}.Release|Any CPU.ActiveCfg = Release|Any CPU
		{F0AAEC1A-A4FF-477B-9D3A-3DDC27FBD36F}.Release|Any CPU.Build.0 = Release|Any CPU
	EndGlobalSection
	GlobalSection(SolutionProperties) = preSolution
		HideSolutionNode = FALSE
	EndGlobalSection
	GlobalSection(ExtensibilityGlobals) = postSolution
		SolutionGuid = {09FB8F8C-9BF2-424E-97DB-FECEA605F105}
	EndGlobalSection
EndGlobal
